
Microsoft Visual Studio Solution File, Format Version 12.00
# Visual Studio 2013
VisualStudioVersion = 12.0.31101.0
MinimumVisualStudioVersion = 10.0.40219.1
Project("{FAE04EC0-301F-11D3-BF4B-00C04F79EFBC}") = "Owin04_OAuthServer", "Owin04_OAuthServer\Owin04_OAuthServer.csproj", "{2CF086A9-80BA-4D95-B2E1-F35DB68CF056}"
EndProject
Project("{FAE04EC0-301F-11D3-BF4B-00C04F79EFBC}") = "Owin04_Consts", "Owin04_Consts\Owin04_Consts.csproj", "{9949E0F9-2C37-42E1-870C-536A2980E523}"
EndProject
Project("{FAE04EC0-301F-11D3-BF4B-00C04F79EFBC}") = "Owin04_OAuthClient", "Owin04_OAuthClient\Owin04_OAuthClient.csproj", "{856715B8-A0D5-461D-AE1F-9F2E97BBF1B0}"
EndProject
Project("{FAE04EC0-301F-11D3-BF4B-00C04F79EFBC}") = "Owin04_OAuthResource", "Owin04_OAuthResource\Owin04_OAuthResource.csproj", "{16C2B34B-631D-4437-814F-E0DDD05BC5E6}"
EndProject
Global
	GlobalSection(SolutionConfigurationPlatforms) = preSolution
		Debug|Any CPU = Debug|Any CPU
		Debug|Mixed Platforms = Debug|Mixed Platforms
		Debug|x86 = Debug|x86
		Release|Any CPU = Release|Any CPU
		Release|Mixed Platforms = Release|Mixed Platforms
		Release|x86 = Release|x86
	EndGlobalSection
	GlobalSection(ProjectConfigurationPlatforms) = postSolution
		{2CF086A9-80BA-4D95-B2E1-F35DB68CF056}.Debug|Any CPU.ActiveCfg = Debug|Any CPU
		{2CF086A9-80BA-4D95-B2E1-F35DB68CF056}.Debug|Any CPU.Build.0 = Debug|Any CPU
		{2CF086A9-80BA-4D95-B2E1-F35DB68CF056}.Debug|Mixed Platforms.ActiveCfg = Debug|Any CPU
		{2CF086A9-80BA-4D95-B2E1-F35DB68CF056}.Debug|Mixed Platforms.Build.0 = Debug|Any CPU
		{2CF086A9-80BA-4D95-B2E1-F35DB68CF056}.Debug|x86.ActiveCfg = Debug|Any CPU
		{2CF086A9-80BA-4D95-B2E1-F35DB68CF056}.Debug|x86.Build.0 = Debug|Any CPU
		{2CF086A9-80BA-4D95-B2E1-F35DB68CF056}.Release|Any CPU.ActiveCfg = Release|Any CPU
		{2CF086A9-80BA-4D95-B2E1-F35DB68CF056}.Release|Any CPU.Build.0 = Release|Any CPU
		{2CF086A9-80BA-4D95-B2E1-F35DB68CF056}.Release|Mixed Platforms.ActiveCfg = Release|Any CPU
		{2CF086A9-80BA-4D95-B2E1-F35DB68CF056}.Release|Mixed Platforms.Build.0 = Release|Any CPU
		{2CF086A9-80BA-4D95-B2E1-F35DB68CF056}.Release|x86.ActiveCfg = Release|Any CPU
		{2CF086A9-80BA-4D95-B2E1-F35DB68CF056}.Release|x86.Build.0 = Release|Any CPU
		{9949E0F9-2C37-42E1-870C-536A2980E523}.Debug|Any CPU.ActiveCfg = Debug|Any CPU
		{9949E0F9-2C37-42E1-870C-536A2980E523}.Debug|Any CPU.Build.0 = Debug|Any CPU
		{9949E0F9-2C37-42E1-870C-536A2980E523}.Debug|Mixed Platforms.ActiveCfg = Debug|Any CPU
		{9949E0F9-2C37-42E1-870C-536A2980E523}.Debug|Mixed Platforms.Build.0 = Debug|Any CPU
		{9949E0F9-2C37-42E1-870C-536A2980E523}.Debug|x86.ActiveCfg = Debug|Any CPU
		{9949E0F9-2C37-42E1-870C-536A2980E523}.Debug|x86.Build.0 = Debug|Any CPU
		{9949E0F9-2C37-42E1-870C-536A2980E523}.Release|Any CPU.ActiveCfg = Release|Any CPU
		{9949E0F9-2C37-42E1-870C-536A2980E523}.Release|Any CPU.Build.0 = Release|Any CPU
		{9949E0F9-2C37-42E1-870C-536A2980E523}.Release|Mixed Platforms.ActiveCfg = Release|Any CPU
		{9949E0F9-2C37-42E1-870C-536A2980E523}.Release|Mixed Platforms.Build.0 = Release|Any CPU
		{9949E0F9-2C37-42E1-870C-536A2980E523}.Release|x86.ActiveCfg = Release|Any CPU
		{9949E0F9-2C37-42E1-870C-536A2980E523}.Release|x86.Build.0 = Release|Any CPU
		{856715B8-A0D5-461D-AE1F-9F2E97BBF1B0}.Debug|Any CPU.ActiveCfg = Debug|Any CPU
		{856715B8-A0D5-461D-AE1F-9F2E97BBF1B0}.Debug|Any CPU.Build.0 = Debug|Any CPU
		{856715B8-A0D5-461D-AE1F-9F2E97BBF1B0}.Debug|Mixed Platforms.ActiveCfg = Debug|Any CPU
		{856715B8-A0D5-461D-AE1F-9F2E97BBF1B0}.Debug|Mixed Platforms.Build.0 = Debug|Any CPU
		{856715B8-A0D5-461D-AE1F-9F2E97BBF1B0}.Debug|x86.ActiveCfg = Debug|Any CPU
		{856715B8-A0D5-461D-AE1F-9F2E97BBF1B0}.Release|Any CPU.ActiveCfg = Release|Any CPU
		{856715B8-A0D5-461D-AE1F-9F2E97BBF1B0}.Release|Any CPU.Build.0 = Release|Any CPU
		{856715B8-A0D5-461D-AE1F-9F2E97BBF1B0}.Release|Mixed Platforms.ActiveCfg = Release|Any CPU
		{856715B8-A0D5-461D-AE1F-9F2E97BBF1B0}.Release|Mixed Platforms.Build.0 = Release|Any CPU
		{856715B8-A0D5-461D-AE1F-9F2E97BBF1B0}.Release|x86.ActiveCfg = Release|Any CPU
		{16C2B34B-631D-4437-814F-E0DDD05BC5E6}.Debug|Any CPU.ActiveCfg = Debug|Any CPU
		{16C2B34B-631D-4437-814F-E0DDD05BC5E6}.Debug|Any CPU.Build.0 = Debug|Any CPU
		{16C2B34B-631D-4437-814F-E0DDD05BC5E6}.Debug|Mixed Platforms.ActiveCfg = Debug|Any CPU
		{16C2B34B-631D-4437-814F-E0DDD05BC5E6}.Debug|Mixed Platforms.Build.0 = Debug|Any CPU
		{16C2B34B-631D-4437-814F-E0DDD05BC5E6}.Debug|x86.ActiveCfg = Debug|Any CPU
		{16C2B34B-631D-4437-814F-E0DDD05BC5E6}.Release|Any CPU.ActiveCfg = Release|Any CPU
		{16C2B34B-631D-4437-814F-E0DDD05BC5E6}.Release|Any CPU.Build.0 = Release|Any CPU
		{16C2B34B-631D-4437-814F-E0DDD05BC5E6}.Release|Mixed Platforms.ActiveCfg = Release|Any CPU
		{16C2B34B-631D-4437-814F-E0DDD05BC5E6}.Release|Mixed Platforms.Build.0 = Release|Any CPU
		{16C2B34B-631D-4437-814F-E0DDD05BC5E6}.Release|x86.ActiveCfg = Release|Any CPU
	EndGlobalSection
	GlobalSection(SolutionProperties) = preSolution
		HideSolutionNode = FALSE
	EndGlobalSection
EndGlobal
